{
  "name": "graphql",
  "version": "1.0.0",
  "lockfileVersion": 1,
  "dependencies": {
    "apollo-server-functions": {
      "version": "file:../../apollo-server/packages/apollo-server-functions",
      "dependencies": {
        "@types/graphql": {
          "version": "0.9.4",
          "bundled": true,
          "optional": true
        },
        "@types/node": {
          "version": "8.0.16",
          "bundled": true
        },
        "apollo-server-core": {
          "version": "1.0.2",
          "bundled": true
        },
        "apollo-server-module-graphiql": {
          "version": "1.0.4",
          "bundled": true
        },
        "azure-functions-typescript": {
          "version": "0.0.1",
          "bundled": true
        }
      }
    }
  }
}
